
Microsoft Visual Studio Solution File, Format Version 12.00
# Visual Studio Version 16
VisualStudioVersion = 16.0.30907.101
MinimumVisualStudioVersion = 10.0.40219.1
Project("{FAE04EC0-301F-11D3-BF4B-00C04F79EFBC}") = "JavaValidationCode", "JavaValidationCode.csproj", "{16A389C9-6CCB-45D0-985C-4749D4621474}"
EndProject
Global
	GlobalSection(SolutionConfigurationPlatforms) = preSolution
		Debug|Any CPU = Debug|Any CPU
		Release|Any CPU = Release|Any CPU
	EndGlobalSection
	GlobalSection(ProjectConfigurationPlatforms) = postSolution
		{16A389C9-6CCB-45D0-985C-4749D4621474}.Debug|Any CPU.ActiveCfg = Debug|Any CPU
		{16A389C9-6CCB-45D0-985C-4749D4621474}.Debug|Any CPU.Build.0 = Debug|Any CPU
		{16A389C9-6CCB-45D0-985C-4749D4621474}.Release|Any CPU.ActiveCfg = Release|Any CPU
		{16A389C9-6CCB-45D0-985C-4749D4621474}.Release|Any CPU.Build.0 = Release|Any CPU
	EndGlobalSection
	GlobalSection(SolutionProperties) = preSolution
		HideSolutionNode = FALSE
	EndGlobalSection
	GlobalSection(ExtensibilityGlobals) = postSolution
		SolutionGuid = {6A76586E-B16B-410F-A46E-F1B1C113243B}
	EndGlobalSection
EndGlobal
